
Microsoft Visual Studio Solution File, Format Version 12.00
# Visual Studio Version 16
VisualStudioVersion = 16.0.30711.63
MinimumVisualStudioVersion = 10.0.40219.1
Project("{FAE04EC0-301F-11D3-BF4B-00C04F79EFBC}") = "HandshakeTool", "HandshakeTool\HandshakeTool.csproj", "{6E181507-B488-4B51-9E05-F0D027BA729D}"
EndProject
Global
	GlobalSection(SolutionConfigurationPlatforms) = preSolution
		Debug|Any CPU = Debug|Any CPU
		Release|Any CPU = Release|Any CPU
	EndGlobalSection
	GlobalSection(ProjectConfigurationPlatforms) = postSolution
		{6E181507-B488-4B51-9E05-F0D027BA729D}.Debug|Any CPU.ActiveCfg = Debug|Any CPU
		{6E181507-B488-4B51-9E05-F0D027BA729D}.Debug|Any CPU.Build.0 = Debug|Any CPU
		{6E181507-B488-4B51-9E05-F0D027BA729D}.Release|Any CPU.ActiveCfg = Release|Any CPU
		{6E181507-B488-4B51-9E05-F0D027BA729D}.Release|Any CPU.Build.0 = Release|Any CPU
	EndGlobalSection
	GlobalSection(SolutionProperties) = preSolution
		HideSolutionNode = FALSE
	EndGlobalSection
	GlobalSection(ExtensibilityGlobals) = postSolution
		SolutionGuid = {00CAC72E-7E16-4DA5-B86C-7D0E4FA472D2}
	EndGlobalSection
EndGlobal
